
Microsoft Visual Studio Solution File, Format Version 12.00
# Visual Studio Version 17
VisualStudioVersion = 17.9.34902.65
MinimumVisualStudioVersion = 10.0.40219.1
Project("{FAE04EC0-301F-11D3-BF4B-00C04F79EFBC}") = "AnimationsInWPF", "AnimationsInWPF\AnimationsInWPF.csproj", "{1FF5B2B2-35FB-45CC-B7FC-4CD0B593A89C}"
EndProject
Global
	GlobalSection(SolutionConfigurationPlatforms) = preSolution
		Debug|Any CPU = Debug|Any CPU
		Release|Any CPU = Release|Any CPU
	EndGlobalSection
	GlobalSection(ProjectConfigurationPlatforms) = postSolution
		{1FF5B2B2-35FB-45CC-B7FC-4CD0B593A89C}.Debug|Any CPU.ActiveCfg = Debug|Any CPU
		{1FF5B2B2-35FB-45CC-B7FC-4CD0B593A89C}.Debug|Any CPU.Build.0 = Debug|Any CPU
		{1FF5B2B2-35FB-45CC-B7FC-4CD0B593A89C}.Release|Any CPU.ActiveCfg = Release|Any CPU
		{1FF5B2B2-35FB-45CC-B7FC-4CD0B593A89C}.Release|Any CPU.Build.0 = Release|Any CPU
	EndGlobalSection
	GlobalSection(SolutionProperties) = preSolution
		HideSolutionNode = FALSE
	EndGlobalSection
	GlobalSection(ExtensibilityGlobals) = postSolution
		SolutionGuid = {B7D7DF07-0796-445F-892B-3A7DCA5536F6}
	EndGlobalSection
EndGlobal
